
Microsoft Visual Studio Solution File, Format Version 12.00
# Visual Studio Version 17
VisualStudioVersion = 17.5.33530.505
MinimumVisualStudioVersion = 10.0.40219.1
Project("{9A19103F-16F7-4668-BE54-9A1E7A4F7556}") = "ConsoleCoreApp", "ConsoleCoreApp\ConsoleCoreApp.csproj", "{142954FE-8146-442C-8121-C72DBCDF2036}"
EndProject
Project("{FAE04EC0-301F-11D3-BF4B-00C04F79EFBC}") = "ConsoleDotNetApp", "ConsoleDotNetApp\ConsoleDotNetApp.csproj", "{11770529-2C80-428A-82AD-B8115BA6EDE0}"
EndProject
Project("{FAE04EC0-301F-11D3-BF4B-00C04F79EFBC}") = "WebDotNetApp", "WebDotNetApp\WebDotNetApp.csproj", "{C06FF9C7-590B-4B52-AB85-07A880D5466B}"
EndProject
Project("{FAE04EC0-301F-11D3-BF4B-00C04F79EFBC}") = "DataTransferTechniques", "DataTransferTechniques\DataTransferTechniques.csproj", "{CE950D53-9FC8-4BEE-A745-97D0C46BE144}"
EndProject
Project("{FAE04EC0-301F-11D3-BF4B-00C04F79EFBC}") = "5_ADONETIntro", "5_ADONETIntro\5_ADONETIntro.csproj", "{BD86B960-5516-4E1D-8258-F0F1B2BC7643}"
EndProject
Project("{2150E333-8FDC-42A3-9474-1A3956D46DE8}") = "projectarchitecture", "projectarchitecture", "{DF709737-F90C-48C8-AAA2-98FC2A281784}"
EndProject
Project("{FAE04EC0-301F-11D3-BF4B-00C04F79EFBC}") = "Web.UI", "Web.UI\Web.UI.csproj", "{07A3C64D-2308-4D86-9476-59C709467F12}"
EndProject
Project("{FAE04EC0-301F-11D3-BF4B-00C04F79EFBC}") = "DAL", "DAL\DAL.csproj", "{BB9929FA-0075-47AE-A5DA-5EDB43836442}"
EndProject
Project("{FAE04EC0-301F-11D3-BF4B-00C04F79EFBC}") = "Models", "Models\Models.csproj", "{832B2032-97D1-497C-8DBA-D72D08021131}"
EndProject
Project("{FAE04EC0-301F-11D3-BF4B-00C04F79EFBC}") = "BLL", "BLL\BLL.csproj", "{50F675A6-BFC2-4307-BD80-960E82F706AF}"
EndProject
Project("{2150E333-8FDC-42A3-9474-1A3956D46DE8}") = "SOLID", "SOLID", "{32DAE9E6-1A32-447A-9651-57DE217AA96D}"
EndProject
Project("{FAE04EC0-301F-11D3-BF4B-00C04F79EFBC}") = "1-SRP", "1-SRP\1-SRP.csproj", "{D9EC83BA-2DF4-40DC-B402-39FFA7F08934}"
EndProject
Project("{FAE04EC0-301F-11D3-BF4B-00C04F79EFBC}") = "2-OCP", "2-OCP\2-OCP.csproj", "{1625D63B-226D-4970-991E-B1B8A79065C0}"
EndProject
Project("{FAE04EC0-301F-11D3-BF4B-00C04F79EFBC}") = "3-LSP", "3-LSP\3-LSP.csproj", "{0AFB83D9-314C-4789-8062-B556D6FC244F}"
EndProject
Project("{FAE04EC0-301F-11D3-BF4B-00C04F79EFBC}") = "4-DIP", "4-DIP\4-DIP.csproj", "{16B468D9-C82C-4209-936E-AFAA5DA9DD54}"
EndProject
Project("{2150E333-8FDC-42A3-9474-1A3956D46DE8}") = "Design Patterns", "Design Patterns", "{D07EDE76-2A5E-4473-A43F-44762F0045FF}"
EndProject
Project("{FAE04EC0-301F-11D3-BF4B-00C04F79EFBC}") = "1-Singleton", "1-Singleton\1-Singleton.csproj", "{4AE37B97-051D-4773-A11F-E8E1A22ECD16}"
EndProject
Project("{FAE04EC0-301F-11D3-BF4B-00C04F79EFBC}") = "2-FactoryPattern", "2-FactoryPattern\2-FactoryPattern.csproj", "{3B20D387-862A-440A-ADE1-5C04FCCA97D5}"
EndProject
Project("{FAE04EC0-301F-11D3-BF4B-00C04F79EFBC}") = "3-DependencyInjection", "3-DependencyInjection\3-DependencyInjection.csproj", "{64719787-BB89-4259-9581-32E1FA174293}"
EndProject
Project("{2150E333-8FDC-42A3-9474-1A3956D46DE8}") = "entityframework", "entityframework", "{CC3B06C3-A516-4A0F-8A6C-4A70D6746572}"
EndProject
Project("{FAE04EC0-301F-11D3-BF4B-00C04F79EFBC}") = "1-ADONETDemo", "1-ADONETDemo\1-ADONETDemo.csproj", "{BF5D030F-2A04-4656-BE50-0AC2F8D42567}"
EndProject
Project("{FAE04EC0-301F-11D3-BF4B-00C04F79EFBC}") = "2-EFDbFirstApproach", "2-EFDbFirstApproach\2-EFDbFirstApproach.csproj", "{56678281-B07E-4E51-A27B-0F15E249140D}"
EndProject
Project("{FAE04EC0-301F-11D3-BF4B-00C04F79EFBC}") = "3-EFDBFirstAppraoch-CRUD", "3-EFDBFirstAppraoch-CRUD\3-EFDBFirstAppraoch-CRUD.csproj", "{15B1F768-6E37-4184-BE15-76236CACB974}"
EndProject
Project("{FAE04EC0-301F-11D3-BF4B-00C04F79EFBC}") = "EFCodeFirstApproach", "EFCodeFirstApproach\EFCodeFirstApproach.csproj", "{DDA7CEDF-715C-46FF-8F70-46A2288B7C61}"
EndProject
Project("{2150E333-8FDC-42A3-9474-1A3956D46DE8}") = "mvc code", "mvc code", "{25D743E8-3E96-468F-99C0-9C04F32F24FC}"
EndProject
Project("{FAE04EC0-301F-11D3-BF4B-00C04F79EFBC}") = "1-MVCProjectStructure", "1-MVCProjectStructure\1-MVCProjectStructure.csproj", "{48BEA0C1-9588-4FFE-AF93-A8D8093BA68E}"
EndProject
Project("{FAE04EC0-301F-11D3-BF4B-00C04F79EFBC}") = "2-ViewsDemo", "2-ViewsDemo\2-ViewsDemo.csproj", "{BB2F5F5B-9A7B-4323-9705-A8A6464097A2}"
EndProject
Project("{FAE04EC0-301F-11D3-BF4B-00C04F79EFBC}") = "3-ViewToController", "3-ViewToController\3-ViewToController.csproj", "{B1459982-78F2-4F2B-9FBC-13A3B099721D}"
EndProject
Project("{FAE04EC0-301F-11D3-BF4B-00C04F79EFBC}") = "4-CRUDUsingEF", "4-CRUDUsingEF\4-CRUDUsingEF.csproj", "{46CF815B-82AE-4E3C-89EF-1CFA84183A3F}"
EndProject
Project("{FAE04EC0-301F-11D3-BF4B-00C04F79EFBC}") = "5-ListingFeatures", "5-ListingFeatures\5-ListingFeatures.csproj", "{41BA71A2-8AC6-46E0-8F2E-87A0F174AE72}"
EndProject
Project("{FAE04EC0-301F-11D3-BF4B-00C04F79EFBC}") = "VCart.DAL", "VCart.DAL\VCart.DAL.csproj", "{30F9DF83-DCD8-4700-ADB9-2EDAC2ED0818}"
EndProject
Project("{2150E333-8FDC-42A3-9474-1A3956D46DE8}") = "Project Architecture", "Project Architecture", "{89040A90-8823-4D78-A8A6-195FB7D686C1}"
EndProject
Project("{FAE04EC0-301F-11D3-BF4B-00C04F79EFBC}") = "VCart.BLL", "VCart.BLL\VCart.BLL.csproj", "{44CE1AB1-1C0D-42AE-BB66-4A9D8D5ED47F}"
EndProject
Project("{FAE04EC0-301F-11D3-BF4B-00C04F79EFBC}") = "VCart.Repositories", "VCart.Repositories\VCart.Repositories.csproj", "{C8AAFDDC-08BC-4549-A345-812C4EFEE314}"
EndProject
Project("{FAE04EC0-301F-11D3-BF4B-00C04F79EFBC}") = "VCart.Models", "VCart.Models\VCart.Models.csproj", "{4DAF2E99-EEA7-4D39-A450-713AA480ED2E}"
EndProject
Global
	GlobalSection(SolutionConfigurationPlatforms) = preSolution
		Debug|Any CPU = Debug|Any CPU
		Release|Any CPU = Release|Any CPU
	EndGlobalSection
	GlobalSection(ProjectConfigurationPlatforms) = postSolution
		{142954FE-8146-442C-8121-C72DBCDF2036}.Debug|Any CPU.ActiveCfg = Debug|Any CPU
		{142954FE-8146-442C-8121-C72DBCDF2036}.Debug|Any CPU.Build.0 = Debug|Any CPU
		{142954FE-8146-442C-8121-C72DBCDF2036}.Release|Any CPU.ActiveCfg = Release|Any CPU
		{142954FE-8146-442C-8121-C72DBCDF2036}.Release|Any CPU.Build.0 = Release|Any CPU
		{11770529-2C80-428A-82AD-B8115BA6EDE0}.Debug|Any CPU.ActiveCfg = Debug|Any CPU
		{11770529-2C80-428A-82AD-B8115BA6EDE0}.Debug|Any CPU.Build.0 = Debug|Any CPU
		{11770529-2C80-428A-82AD-B8115BA6EDE0}.Release|Any CPU.ActiveCfg = Release|Any CPU
		{11770529-2C80-428A-82AD-B8115BA6EDE0}.Release|Any CPU.Build.0 = Release|Any CPU
		{C06FF9C7-590B-4B52-AB85-07A880D5466B}.Debug|Any CPU.ActiveCfg = Debug|Any CPU
		{C06FF9C7-590B-4B52-AB85-07A880D5466B}.Debug|Any CPU.Build.0 = Debug|Any CPU
		{C06FF9C7-590B-4B52-AB85-07A880D5466B}.Release|Any CPU.ActiveCfg = Release|Any CPU
		{C06FF9C7-590B-4B52-AB85-07A880D5466B}.Release|Any CPU.Build.0 = Release|Any CPU
		{CE950D53-9FC8-4BEE-A745-97D0C46BE144}.Debug|Any CPU.ActiveCfg = Debug|Any CPU
		{CE950D53-9FC8-4BEE-A745-97D0C46BE144}.Debug|Any CPU.Build.0 = Debug|Any CPU
		{CE950D53-9FC8-4BEE-A745-97D0C46BE144}.Release|Any CPU.ActiveCfg = Release|Any CPU
		{CE950D53-9FC8-4BEE-A745-97D0C46BE144}.Release|Any CPU.Build.0 = Release|Any CPU
		{BD86B960-5516-4E1D-8258-F0F1B2BC7643}.Debug|Any CPU.ActiveCfg = Debug|Any CPU
		{BD86B960-5516-4E1D-8258-F0F1B2BC7643}.Debug|Any CPU.Build.0 = Debug|Any CPU
		{BD86B960-5516-4E1D-8258-F0F1B2BC7643}.Release|Any CPU.ActiveCfg = Release|Any CPU
		{BD86B960-5516-4E1D-8258-F0F1B2BC7643}.Release|Any CPU.Build.0 = Release|Any CPU
		{07A3C64D-2308-4D86-9476-59C709467F12}.Debug|Any CPU.ActiveCfg = Debug|Any CPU
		{07A3C64D-2308-4D86-9476-59C709467F12}.Debug|Any CPU.Build.0 = Debug|Any CPU
		{07A3C64D-2308-4D86-9476-59C709467F12}.Release|Any CPU.ActiveCfg = Release|Any CPU
		{07A3C64D-2308-4D86-9476-59C709467F12}.Release|Any CPU.Build.0 = Release|Any CPU
		{BB9929FA-0075-47AE-A5DA-5EDB43836442}.Debug|Any CPU.ActiveCfg = Debug|Any CPU
		{BB9929FA-0075-47AE-A5DA-5EDB43836442}.Debug|Any CPU.Build.0 = Debug|Any CPU
		{BB9929FA-0075-47AE-A5DA-5EDB43836442}.Release|Any CPU.ActiveCfg = Release|Any CPU
		{BB9929FA-0075-47AE-A5DA-5EDB43836442}.Release|Any CPU.Build.0 = Release|Any CPU
		{832B2032-97D1-497C-8DBA-D72D08021131}.Debug|Any CPU.ActiveCfg = Debug|Any CPU
		{832B2032-97D1-497C-8DBA-D72D08021131}.Debug|Any CPU.Build.0 = Debug|Any CPU
		{832B2032-97D1-497C-8DBA-D72D08021131}.Release|Any CPU.ActiveCfg = Release|Any CPU
		{832B2032-97D1-497C-8DBA-D72D08021131}.Release|Any CPU.Build.0 = Release|Any CPU
		{50F675A6-BFC2-4307-BD80-960E82F706AF}.Debug|Any CPU.ActiveCfg = Debug|Any CPU
		{50F675A6-BFC2-4307-BD80-960E82F706AF}.Debug|Any CPU.Build.0 = Debug|Any CPU
		{50F675A6-BFC2-4307-BD80-960E82F706AF}.Release|Any CPU.ActiveCfg = Release|Any CPU
		{50F675A6-BFC2-4307-BD80-960E82F706AF}.Release|Any CPU.Build.0 = Release|Any CPU
		{D9EC83BA-2DF4-40DC-B402-39FFA7F08934}.Debug|Any CPU.ActiveCfg = Debug|Any CPU
		{D9EC83BA-2DF4-40DC-B402-39FFA7F08934}.Debug|Any CPU.Build.0 = Debug|Any CPU
		{D9EC83BA-2DF4-40DC-B402-39FFA7F08934}.Release|Any CPU.ActiveCfg = Release|Any CPU
		{D9EC83BA-2DF4-40DC-B402-39FFA7F08934}.Release|Any CPU.Build.0 = Release|Any CPU
		{1625D63B-226D-4970-991E-B1B8A79065C0}.Debug|Any CPU.ActiveCfg = Debug|Any CPU
		{1625D63B-226D-4970-991E-B1B8A79065C0}.Debug|Any CPU.Build.0 = Debug|Any CPU
		{1625D63B-226D-4970-991E-B1B8A79065C0}.Release|Any CPU.ActiveCfg = Release|Any CPU
		{1625D63B-226D-4970-991E-B1B8A79065C0}.Release|Any CPU.Build.0 = Release|Any CPU
		{0AFB83D9-314C-4789-8062-B556D6FC244F}.Debug|Any CPU.ActiveCfg = Debug|Any CPU
		{0AFB83D9-314C-4789-8062-B556D6FC244F}.Debug|Any CPU.Build.0 = Debug|Any CPU
		{0AFB83D9-314C-4789-8062-B556D6FC244F}.Release|Any CPU.ActiveCfg = Release|Any CPU
		{0AFB83D9-314C-4789-8062-B556D6FC244F}.Release|Any CPU.Build.0 = Release|Any CPU
		{16B468D9-C82C-4209-936E-AFAA5DA9DD54}.Debug|Any CPU.ActiveCfg = Debug|Any CPU
		{16B468D9-C82C-4209-936E-AFAA5DA9DD54}.Debug|Any CPU.Build.0 = Debug|Any CPU
		{16B468D9-C82C-4209-936E-AFAA5DA9DD54}.Release|Any CPU.ActiveCfg = Release|Any CPU
		{16B468D9-C82C-4209-936E-AFAA5DA9DD54}.Release|Any CPU.Build.0 = Release|Any CPU
		{4AE37B97-051D-4773-A11F-E8E1A22ECD16}.Debug|Any CPU.ActiveCfg = Debug|Any CPU
		{4AE37B97-051D-4773-A11F-E8E1A22ECD16}.Debug|Any CPU.Build.0 = Debug|Any CPU
		{4AE37B97-051D-4773-A11F-E8E1A22ECD16}.Release|Any CPU.ActiveCfg = Release|Any CPU
		{4AE37B97-051D-4773-A11F-E8E1A22ECD16}.Release|Any CPU.Build.0 = Release|Any CPU
		{3B20D387-862A-440A-ADE1-5C04FCCA97D5}.Debug|Any CPU.ActiveCfg = Debug|Any CPU
		{3B20D387-862A-440A-ADE1-5C04FCCA97D5}.Debug|Any CPU.Build.0 = Debug|Any CPU
		{3B20D387-862A-440A-ADE1-5C04FCCA97D5}.Release|Any CPU.ActiveCfg = Release|Any CPU
		{3B20D387-862A-440A-ADE1-5C04FCCA97D5}.Release|Any CPU.Build.0 = Release|Any CPU
		{64719787-BB89-4259-9581-32E1FA174293}.Debug|Any CPU.ActiveCfg = Debug|Any CPU
		{64719787-BB89-4259-9581-32E1FA174293}.Debug|Any CPU.Build.0 = Debug|Any CPU
		{64719787-BB89-4259-9581-32E1FA174293}.Release|Any CPU.ActiveCfg = Release|Any CPU
		{64719787-BB89-4259-9581-32E1FA174293}.Release|Any CPU.Build.0 = Release|Any CPU
		{BF5D030F-2A04-4656-BE50-0AC2F8D42567}.Debug|Any CPU.ActiveCfg = Debug|Any CPU
		{BF5D030F-2A04-4656-BE50-0AC2F8D42567}.Debug|Any CPU.Build.0 = Debug|Any CPU
		{BF5D030F-2A04-4656-BE50-0AC2F8D42567}.Release|Any CPU.ActiveCfg = Release|Any CPU
		{BF5D030F-2A04-4656-BE50-0AC2F8D42567}.Release|Any CPU.Build.0 = Release|Any CPU
		{56678281-B07E-4E51-A27B-0F15E249140D}.Debug|Any CPU.ActiveCfg = Debug|Any CPU
		{56678281-B07E-4E51-A27B-0F15E249140D}.Debug|Any CPU.Build.0 = Debug|Any CPU
		{56678281-B07E-4E51-A27B-0F15E249140D}.Release|Any CPU.ActiveCfg = Release|Any CPU
		{56678281-B07E-4E51-A27B-0F15E249140D}.Release|Any CPU.Build.0 = Release|Any CPU
		{15B1F768-6E37-4184-BE15-76236CACB974}.Debug|Any CPU.ActiveCfg = Debug|Any CPU
		{15B1F768-6E37-4184-BE15-76236CACB974}.Debug|Any CPU.Build.0 = Debug|Any CPU
		{15B1F768-6E37-4184-BE15-76236CACB974}.Release|Any CPU.ActiveCfg = Release|Any CPU
		{15B1F768-6E37-4184-BE15-76236CACB974}.Release|Any CPU.Build.0 = Release|Any CPU
		{DDA7CEDF-715C-46FF-8F70-46A2288B7C61}.Debug|Any CPU.ActiveCfg = Debug|Any CPU
		{DDA7CEDF-715C-46FF-8F70-46A2288B7C61}.Debug|Any CPU.Build.0 = Debug|Any CPU
		{DDA7CEDF-715C-46FF-8F70-46A2288B7C61}.Release|Any CPU.ActiveCfg = Release|Any CPU
		{DDA7CEDF-715C-46FF-8F70-46A2288B7C61}.Release|Any CPU.Build.0 = Release|Any CPU
		{48BEA0C1-9588-4FFE-AF93-A8D8093BA68E}.Debug|Any CPU.ActiveCfg = Debug|Any CPU
		{48BEA0C1-9588-4FFE-AF93-A8D8093BA68E}.Debug|Any CPU.Build.0 = Debug|Any CPU
		{48BEA0C1-9588-4FFE-AF93-A8D8093BA68E}.Release|Any CPU.ActiveCfg = Release|Any CPU
		{48BEA0C1-9588-4FFE-AF93-A8D8093BA68E}.Release|Any CPU.Build.0 = Release|Any CPU
		{BB2F5F5B-9A7B-4323-9705-A8A6464097A2}.Debug|Any CPU.ActiveCfg = Debug|Any CPU
		{BB2F5F5B-9A7B-4323-9705-A8A6464097A2}.Debug|Any CPU.Build.0 = Debug|Any CPU
		{BB2F5F5B-9A7B-4323-9705-A8A6464097A2}.Release|Any CPU.ActiveCfg = Release|Any CPU
		{BB2F5F5B-9A7B-4323-9705-A8A6464097A2}.Release|Any CPU.Build.0 = Release|Any CPU
		{B1459982-78F2-4F2B-9FBC-13A3B099721D}.Debug|Any CPU.ActiveCfg = Debug|Any CPU
		{B1459982-78F2-4F2B-9FBC-13A3B099721D}.Debug|Any CPU.Build.0 = Debug|Any CPU
		{B1459982-78F2-4F2B-9FBC-13A3B099721D}.Release|Any CPU.ActiveCfg = Release|Any CPU
		{B1459982-78F2-4F2B-9FBC-13A3B099721D}.Release|Any CPU.Build.0 = Release|Any CPU
		{46CF815B-82AE-4E3C-89EF-1CFA84183A3F}.Debug|Any CPU.ActiveCfg = Debug|Any CPU
		{46CF815B-82AE-4E3C-89EF-1CFA84183A3F}.Debug|Any CPU.Build.0 = Debug|Any CPU
		{46CF815B-82AE-4E3C-89EF-1CFA84183A3F}.Release|Any CPU.ActiveCfg = Release|Any CPU
		{46CF815B-82AE-4E3C-89EF-1CFA84183A3F}.Release|Any CPU.Build.0 = Release|Any CPU
		{41BA71A2-8AC6-46E0-8F2E-87A0F174AE72}.Debug|Any CPU.ActiveCfg = Debug|Any CPU
		{41BA71A2-8AC6-46E0-8F2E-87A0F174AE72}.Debug|Any CPU.Build.0 = Debug|Any CPU
		{41BA71A2-8AC6-46E0-8F2E-87A0F174AE72}.Release|Any CPU.ActiveCfg = Release|Any CPU
		{41BA71A2-8AC6-46E0-8F2E-87A0F174AE72}.Release|Any CPU.Build.0 = Release|Any CPU
		{30F9DF83-DCD8-4700-ADB9-2EDAC2ED0818}.Debug|Any CPU.ActiveCfg = Debug|Any CPU
		{30F9DF83-DCD8-4700-ADB9-2EDAC2ED0818}.Debug|Any CPU.Build.0 = Debug|Any CPU
		{30F9DF83-DCD8-4700-ADB9-2EDAC2ED0818}.Release|Any CPU.ActiveCfg = Release|Any CPU
		{30F9DF83-DCD8-4700-ADB9-2EDAC2ED0818}.Release|Any CPU.Build.0 = Release|Any CPU
		{44CE1AB1-1C0D-42AE-BB66-4A9D8D5ED47F}.Debug|Any CPU.ActiveCfg = Debug|Any CPU
		{44CE1AB1-1C0D-42AE-BB66-4A9D8D5ED47F}.Debug|Any CPU.Build.0 = Debug|Any CPU
		{44CE1AB1-1C0D-42AE-BB66-4A9D8D5ED47F}.Release|Any CPU.ActiveCfg = Release|Any CPU
		{44CE1AB1-1C0D-42AE-BB66-4A9D8D5ED47F}.Release|Any CPU.Build.0 = Release|Any CPU
		{C8AAFDDC-08BC-4549-A345-812C4EFEE314}.Debug|Any CPU.ActiveCfg = Debug|Any CPU
		{C8AAFDDC-08BC-4549-A345-812C4EFEE314}.Debug|Any CPU.Build.0 = Debug|Any CPU
		{C8AAFDDC-08BC-4549-A345-812C4EFEE314}.Release|Any CPU.ActiveCfg = Release|Any CPU
		{C8AAFDDC-08BC-4549-A345-812C4EFEE314}.Release|Any CPU.Build.0 = Release|Any CPU
		{4DAF2E99-EEA7-4D39-A450-713AA480ED2E}.Debug|Any CPU.ActiveCfg = Debug|Any CPU
		{4DAF2E99-EEA7-4D39-A450-713AA480ED2E}.Debug|Any CPU.Build.0 = Debug|Any CPU
		{4DAF2E99-EEA7-4D39-A450-713AA480ED2E}.Release|Any CPU.ActiveCfg = Release|Any CPU
		{4DAF2E99-EEA7-4D39-A450-713AA480ED2E}.Release|Any CPU.Build.0 = Release|Any CPU
	EndGlobalSection
	GlobalSection(SolutionProperties) = preSolution
		HideSolutionNode = FALSE
	EndGlobalSection
	GlobalSection(NestedProjects) = preSolution
		{07A3C64D-2308-4D86-9476-59C709467F12} = {DF709737-F90C-48C8-AAA2-98FC2A281784}
		{BB9929FA-0075-47AE-A5DA-5EDB43836442} = {DF709737-F90C-48C8-AAA2-98FC2A281784}
		{832B2032-97D1-497C-8DBA-D72D08021131} = {DF709737-F90C-48C8-AAA2-98FC2A281784}
		{50F675A6-BFC2-4307-BD80-960E82F706AF} = {DF709737-F90C-48C8-AAA2-98FC2A281784}
		{D9EC83BA-2DF4-40DC-B402-39FFA7F08934} = {32DAE9E6-1A32-447A-9651-57DE217AA96D}
		{1625D63B-226D-4970-991E-B1B8A79065C0} = {32DAE9E6-1A32-447A-9651-57DE217AA96D}
		{0AFB83D9-314C-4789-8062-B556D6FC244F} = {32DAE9E6-1A32-447A-9651-57DE217AA96D}
		{16B468D9-C82C-4209-936E-AFAA5DA9DD54} = {32DAE9E6-1A32-447A-9651-57DE217AA96D}
		{4AE37B97-051D-4773-A11F-E8E1A22ECD16} = {D07EDE76-2A5E-4473-A43F-44762F0045FF}
		{3B20D387-862A-440A-ADE1-5C04FCCA97D5} = {D07EDE76-2A5E-4473-A43F-44762F0045FF}
		{64719787-BB89-4259-9581-32E1FA174293} = {D07EDE76-2A5E-4473-A43F-44762F0045FF}
		{BF5D030F-2A04-4656-BE50-0AC2F8D42567} = {CC3B06C3-A516-4A0F-8A6C-4A70D6746572}
		{56678281-B07E-4E51-A27B-0F15E249140D} = {CC3B06C3-A516-4A0F-8A6C-4A70D6746572}
		{15B1F768-6E37-4184-BE15-76236CACB974} = {CC3B06C3-A516-4A0F-8A6C-4A70D6746572}
		{DDA7CEDF-715C-46FF-8F70-46A2288B7C61} = {CC3B06C3-A516-4A0F-8A6C-4A70D6746572}
		{48BEA0C1-9588-4FFE-AF93-A8D8093BA68E} = {25D743E8-3E96-468F-99C0-9C04F32F24FC}
		{BB2F5F5B-9A7B-4323-9705-A8A6464097A2} = {25D743E8-3E96-468F-99C0-9C04F32F24FC}
		{B1459982-78F2-4F2B-9FBC-13A3B099721D} = {25D743E8-3E96-468F-99C0-9C04F32F24FC}
		{46CF815B-82AE-4E3C-89EF-1CFA84183A3F} = {25D743E8-3E96-468F-99C0-9C04F32F24FC}
		{41BA71A2-8AC6-46E0-8F2E-87A0F174AE72} = {25D743E8-3E96-468F-99C0-9C04F32F24FC}
		{30F9DF83-DCD8-4700-ADB9-2EDAC2ED0818} = {89040A90-8823-4D78-A8A6-195FB7D686C1}
		{89040A90-8823-4D78-A8A6-195FB7D686C1} = {25D743E8-3E96-468F-99C0-9C04F32F24FC}
		{44CE1AB1-1C0D-42AE-BB66-4A9D8D5ED47F} = {89040A90-8823-4D78-A8A6-195FB7D686C1}
		{C8AAFDDC-08BC-4549-A345-812C4EFEE314} = {89040A90-8823-4D78-A8A6-195FB7D686C1}
		{4DAF2E99-EEA7-4D39-A450-713AA480ED2E} = {89040A90-8823-4D78-A8A6-195FB7D686C1}
	EndGlobalSection
	GlobalSection(ExtensibilityGlobals) = postSolution
		SolutionGuid = {893BDE5D-5879-4C70-94A6-E4760E849CC9}
	EndGlobalSection
EndGlobal
