
Microsoft Visual Studio Solution File, Format Version 12.00
# Visual Studio Version 17
VisualStudioVersion = 17.5.33530.505
MinimumVisualStudioVersion = 10.0.40219.1
Project("{9A19103F-16F7-4668-BE54-9A1E7A4F7556}") = "ConsoleCoreApp", "ConsoleCoreApp\ConsoleCoreApp.csproj", "{142954FE-8146-442C-8121-C72DBCDF2036}"
EndProject
Project("{FAE04EC0-301F-11D3-BF4B-00C04F79EFBC}") = "ConsoleDotNetApp", "ConsoleDotNetApp\ConsoleDotNetApp.csproj", "{11770529-2C80-428A-82AD-B8115BA6EDE0}"
EndProject
Project("{FAE04EC0-301F-11D3-BF4B-00C04F79EFBC}") = "WebDotNetApp", "WebDotNetApp\WebDotNetApp.csproj", "{C06FF9C7-590B-4B52-AB85-07A880D5466B}"
EndProject
Project("{FAE04EC0-301F-11D3-BF4B-00C04F79EFBC}") = "DataTransferTechniques", "DataTransferTechniques\DataTransferTechniques.csproj", "{CE950D53-9FC8-4BEE-A745-97D0C46BE144}"
EndProject
Project("{FAE04EC0-301F-11D3-BF4B-00C04F79EFBC}") = "5_ADONETIntro", "5_ADONETIntro\5_ADONETIntro.csproj", "{BD86B960-5516-4E1D-8258-F0F1B2BC7643}"
EndProject
Project("{2150E333-8FDC-42A3-9474-1A3956D46DE8}") = "projectarchitecture", "projectarchitecture", "{DF709737-F90C-48C8-AAA2-98FC2A281784}"
EndProject
Project("{FAE04EC0-301F-11D3-BF4B-00C04F79EFBC}") = "Web.UI", "Web.UI\Web.UI.csproj", "{07A3C64D-2308-4D86-9476-59C709467F12}"
EndProject
Project("{FAE04EC0-301F-11D3-BF4B-00C04F79EFBC}") = "DAL", "DAL\DAL.csproj", "{BB9929FA-0075-47AE-A5DA-5EDB43836442}"
EndProject
Project("{FAE04EC0-301F-11D3-BF4B-00C04F79EFBC}") = "Models", "Models\Models.csproj", "{832B2032-97D1-497C-8DBA-D72D08021131}"
EndProject
Project("{FAE04EC0-301F-11D3-BF4B-00C04F79EFBC}") = "BLL", "BLL\BLL.csproj", "{50F675A6-BFC2-4307-BD80-960E82F706AF}"
EndProject
Global
	GlobalSection(SolutionConfigurationPlatforms) = preSolution
		Debug|Any CPU = Debug|Any CPU
		Release|Any CPU = Release|Any CPU
	EndGlobalSection
	GlobalSection(ProjectConfigurationPlatforms) = postSolution
		{142954FE-8146-442C-8121-C72DBCDF2036}.Debug|Any CPU.ActiveCfg = Debug|Any CPU
		{142954FE-8146-442C-8121-C72DBCDF2036}.Debug|Any CPU.Build.0 = Debug|Any CPU
		{142954FE-8146-442C-8121-C72DBCDF2036}.Release|Any CPU.ActiveCfg = Release|Any CPU
		{142954FE-8146-442C-8121-C72DBCDF2036}.Release|Any CPU.Build.0 = Release|Any CPU
		{11770529-2C80-428A-82AD-B8115BA6EDE0}.Debug|Any CPU.ActiveCfg = Debug|Any CPU
		{11770529-2C80-428A-82AD-B8115BA6EDE0}.Debug|Any CPU.Build.0 = Debug|Any CPU
		{11770529-2C80-428A-82AD-B8115BA6EDE0}.Release|Any CPU.ActiveCfg = Release|Any CPU
		{11770529-2C80-428A-82AD-B8115BA6EDE0}.Release|Any CPU.Build.0 = Release|Any CPU
		{C06FF9C7-590B-4B52-AB85-07A880D5466B}.Debug|Any CPU.ActiveCfg = Debug|Any CPU
		{C06FF9C7-590B-4B52-AB85-07A880D5466B}.Debug|Any CPU.Build.0 = Debug|Any CPU
		{C06FF9C7-590B-4B52-AB85-07A880D5466B}.Release|Any CPU.ActiveCfg = Release|Any CPU
		{C06FF9C7-590B-4B52-AB85-07A880D5466B}.Release|Any CPU.Build.0 = Release|Any CPU
		{CE950D53-9FC8-4BEE-A745-97D0C46BE144}.Debug|Any CPU.ActiveCfg = Debug|Any CPU
		{CE950D53-9FC8-4BEE-A745-97D0C46BE144}.Debug|Any CPU.Build.0 = Debug|Any CPU
		{CE950D53-9FC8-4BEE-A745-97D0C46BE144}.Release|Any CPU.ActiveCfg = Release|Any CPU
		{CE950D53-9FC8-4BEE-A745-97D0C46BE144}.Release|Any CPU.Build.0 = Release|Any CPU
		{BD86B960-5516-4E1D-8258-F0F1B2BC7643}.Debug|Any CPU.ActiveCfg = Debug|Any CPU
		{BD86B960-5516-4E1D-8258-F0F1B2BC7643}.Debug|Any CPU.Build.0 = Debug|Any CPU
		{BD86B960-5516-4E1D-8258-F0F1B2BC7643}.Release|Any CPU.ActiveCfg = Release|Any CPU
		{BD86B960-5516-4E1D-8258-F0F1B2BC7643}.Release|Any CPU.Build.0 = Release|Any CPU
		{07A3C64D-2308-4D86-9476-59C709467F12}.Debug|Any CPU.ActiveCfg = Debug|Any CPU
		{07A3C64D-2308-4D86-9476-59C709467F12}.Debug|Any CPU.Build.0 = Debug|Any CPU
		{07A3C64D-2308-4D86-9476-59C709467F12}.Release|Any CPU.ActiveCfg = Release|Any CPU
		{07A3C64D-2308-4D86-9476-59C709467F12}.Release|Any CPU.Build.0 = Release|Any CPU
		{BB9929FA-0075-47AE-A5DA-5EDB43836442}.Debug|Any CPU.ActiveCfg = Debug|Any CPU
		{BB9929FA-0075-47AE-A5DA-5EDB43836442}.Debug|Any CPU.Build.0 = Debug|Any CPU
		{BB9929FA-0075-47AE-A5DA-5EDB43836442}.Release|Any CPU.ActiveCfg = Release|Any CPU
		{BB9929FA-0075-47AE-A5DA-5EDB43836442}.Release|Any CPU.Build.0 = Release|Any CPU
		{832B2032-97D1-497C-8DBA-D72D08021131}.Debug|Any CPU.ActiveCfg = Debug|Any CPU
		{832B2032-97D1-497C-8DBA-D72D08021131}.Debug|Any CPU.Build.0 = Debug|Any CPU
		{832B2032-97D1-497C-8DBA-D72D08021131}.Release|Any CPU.ActiveCfg = Release|Any CPU
		{832B2032-97D1-497C-8DBA-D72D08021131}.Release|Any CPU.Build.0 = Release|Any CPU
		{50F675A6-BFC2-4307-BD80-960E82F706AF}.Debug|Any CPU.ActiveCfg = Debug|Any CPU
		{50F675A6-BFC2-4307-BD80-960E82F706AF}.Debug|Any CPU.Build.0 = Debug|Any CPU
		{50F675A6-BFC2-4307-BD80-960E82F706AF}.Release|Any CPU.ActiveCfg = Release|Any CPU
		{50F675A6-BFC2-4307-BD80-960E82F706AF}.Release|Any CPU.Build.0 = Release|Any CPU
	EndGlobalSection
	GlobalSection(SolutionProperties) = preSolution
		HideSolutionNode = FALSE
	EndGlobalSection
	GlobalSection(NestedProjects) = preSolution
		{07A3C64D-2308-4D86-9476-59C709467F12} = {DF709737-F90C-48C8-AAA2-98FC2A281784}
		{BB9929FA-0075-47AE-A5DA-5EDB43836442} = {DF709737-F90C-48C8-AAA2-98FC2A281784}
		{832B2032-97D1-497C-8DBA-D72D08021131} = {DF709737-F90C-48C8-AAA2-98FC2A281784}
		{50F675A6-BFC2-4307-BD80-960E82F706AF} = {DF709737-F90C-48C8-AAA2-98FC2A281784}
	EndGlobalSection
	GlobalSection(ExtensibilityGlobals) = postSolution
		SolutionGuid = {893BDE5D-5879-4C70-94A6-E4760E849CC9}
	EndGlobalSection
EndGlobal
